// !$*UTF8*$!
{
	archiveVersion = 1;
	classes = {
	};
	objectVersion = 51;
	objects = {

/* Begin PBXBuildFile section */
		4DB37AD623B738720069D9A4 /* AppDelegate.swift in Sources */ = {isa = PBXBuildFile; fileRef = 4DB37AD523B738720069D9A4 /* AppDelegate.swift */; };
		4DB37AD823B738720069D9A4 /* SceneDelegate.swift in Sources */ = {isa = PBXBuildFile; fileRef = 4DB37AD723B738720069D9A4 /* SceneDelegate.swift */; };
		4DB37ADA23B738720069D9A4 /* ViewController.swift in Sources */ = {isa = PBXBuildFile; fileRef = 4DB37AD923B738720069D9A4 /* ViewController.swift */; };
		4DB37ADD23B738720069D9A4 /* Main.storyboard in Resources */ = {isa = PBXBuildFile; fileRef = 4DB37ADB23B738720069D9A4 /* Main.storyboard */; };
		4DB37ADF23B738730069D9A4 /* Assets.xcassets in Resources */ = {isa = PBXBuildFile; fileRef = 4DB37ADE23B738730069D9A4 /* Assets.xcassets */; };
		4DB37AE223B738730069D9A4 /* LaunchScreen.storyboard in Resources */ = {isa = PBXBuildFile; fileRef = 4DB37AE023B738730069D9A4 /* LaunchScreen.storyboard */; };
		4DBBF68323B74A64009E0906 /* GreetingSimulator.swift in Sources */ = {isa = PBXBuildFile; fileRef = 4DBBF68223B74A64009E0906 /* GreetingSimulator.swift */; };
		4DBBF68523B74EB9009E0906 /* GoogleService-Info.plist in Resources */ = {isa = PBXBuildFile; fileRef = 4DBBF68423B74EB8009E0906 /* GoogleService-Info.plist */; };
		4DBBF68823B7580A009E0906 /* FirestoreData.swift in Sources */ = {isa = PBXBuildFile; fileRef = 4DBBF68723B7580A009E0906 /* FirestoreData.swift */; };
		4DBBF68A23B7583B009E0906 /* FirestoreDataLoader.swift in Sources */ = {isa = PBXBuildFile; fileRef = 4DBBF68923B7583B009E0906 /* FirestoreDataLoader.swift */; };
		4DBBF68C23B75853009E0906 /* FirestoreDataFactory.swift in Sources */ = {isa = PBXBuildFile; fileRef = 4DBBF68B23B75853009E0906 /* FirestoreDataFactory.swift */; };
		4DBBF68E23B75861009E0906 /* DataLoader.swift in Sources */ = {isa = PBXBuildFile; fileRef = 4DBBF68D23B75861009E0906 /* DataLoader.swift */; };
		4DBBF69023B7586E009E0906 /* DataType.swift in Sources */ = {isa = PBXBuildFile; fileRef = 4DBBF68F23B7586E009E0906 /* DataType.swift */; };
		4DBBF69223B7587A009E0906 /* FirestoreQueryFactory.swift in Sources */ = {isa = PBXBuildFile; fileRef = 4DBBF69123B7587A009E0906 /* FirestoreQueryFactory.swift */; };
		4DBBF69423B75889009E0906 /* FirestoreDataUpdater.swift in Sources */ = {isa = PBXBuildFile; fileRef = 4DBBF69323B75889009E0906 /* FirestoreDataUpdater.swift */; };
		4DBBF69723B758AA009E0906 /* City.swift in Sources */ = {isa = PBXBuildFile; fileRef = 4DBBF69623B758AA009E0906 /* City.swift */; };
		4DBBF69923B758B1009E0906 /* Venue.swift in Sources */ = {isa = PBXBuildFile; fileRef = 4DBBF69823B758B1009E0906 /* Venue.swift */; };
		4DBBF69C23B75AB9009E0906 /* GooglePhotoLoader.swift in Sources */ = {isa = PBXBuildFile; fileRef = 4DBBF69B23B75AB9009E0906 /* GooglePhotoLoader.swift */; };
		4DBBF69F23B75D23009E0906 /* CityCell.swift in Sources */ = {isa = PBXBuildFile; fileRef = 4DBBF69E23B75D23009E0906 /* CityCell.swift */; };
		4DBBF6A123B7B80A009E0906 /* CityViewController.swift in Sources */ = {isa = PBXBuildFile; fileRef = 4DBBF6A023B7B80A009E0906 /* CityViewController.swift */; };
		4DBBF6A323B7B86D009E0906 /* OtherCell.swift in Sources */ = {isa = PBXBuildFile; fileRef = 4DBBF6A223B7B86D009E0906 /* OtherCell.swift */; };
		4DBBF6A523B7B887009E0906 /* RecommendationCell.swift in Sources */ = {isa = PBXBuildFile; fileRef = 4DBBF6A423B7B887009E0906 /* RecommendationCell.swift */; };
		4DBBF6A723B83F29009E0906 /* SightsViewController.swift in Sources */ = {isa = PBXBuildFile; fileRef = 4DBBF6A623B83F29009E0906 /* SightsViewController.swift */; };
		4DBBF6A923B842A2009E0906 /* SightCell.swift in Sources */ = {isa = PBXBuildFile; fileRef = 4DBBF6A823B842A2009E0906 /* SightCell.swift */; };
		4DBBF6AC23B84395009E0906 /* UIImageView.swift in Sources */ = {isa = PBXBuildFile; fileRef = 4DBBF6AB23B84395009E0906 /* UIImageView.swift */; };
		4DBBF6AF23B844CF009E0906 /* FoursquareRecLoader.swift in Sources */ = {isa = PBXBuildFile; fileRef = 4DBBF6AE23B844CF009E0906 /* FoursquareRecLoader.swift */; };
		4DBBF6B123B84536009E0906 /* FoursquareURLGenerator.swift in Sources */ = {isa = PBXBuildFile; fileRef = 4DBBF6B023B84536009E0906 /* FoursquareURLGenerator.swift */; };
		4DBBF6B323B84B13009E0906 /* ActivityIndicator.swift in Sources */ = {isa = PBXBuildFile; fileRef = 4DBBF6B223B84B13009E0906 /* ActivityIndicator.swift */; };
		4DBBF6B523B84C95009E0906 /* AlertGenerator.swift in Sources */ = {isa = PBXBuildFile; fileRef = 4DBBF6B423B84C95009E0906 /* AlertGenerator.swift */; };
		4DBBF6B723B85854009E0906 /* SightDetailViewController.swift in Sources */ = {isa = PBXBuildFile; fileRef = 4DBBF6B623B85854009E0906 /* SightDetailViewController.swift */; };
		4DBBF6B923B866D9009E0906 /* ItineraryViewController.swift in Sources */ = {isa = PBXBuildFile; fileRef = 4DBBF6B823B866D9009E0906 /* ItineraryViewController.swift */; };
		4DBBF6BB23B867E9009E0906 /* ItineraryCell.swift in Sources */ = {isa = PBXBuildFile; fileRef = 4DBBF6BA23B867E9009E0906 /* ItineraryCell.swift */; };
		4DBBF6BD23B86E0D009E0906 /* ItineraryDetailViewController.swift in Sources */ = {isa = PBXBuildFile; fileRef = 4DBBF6BC23B86E0D009E0906 /* ItineraryDetailViewController.swift */; };
		E53256EE7ECEE476032E0825 /* Pods_AnyRec.framework in Frameworks */ = {isa = PBXBuildFile; fileRef = 60277F781331BA9E8F627F57 /* Pods_AnyRec.framework */; };
/* End PBXBuildFile section */

/* Begin PBXFileReference section */
		4DB37AD223B738720069D9A4 /* AnyRec.app */ = {isa = PBXFileReference; explicitFileType = wrapper.application; includeInIndex = 0; path = AnyRec.app; sourceTree = BUILT_PRODUCTS_DIR; };
		4DB37AD523B738720069D9A4 /* AppDelegate.swift */ = {isa = PBXFileReference; lastKnownFileType = sourcecode.swift; path = AppDelegate.swift; sourceTree = "<group>"; };
		4DB37AD723B738720069D9A4 /* SceneDelegate.swift */ = {isa = PBXFileReference; lastKnownFileType = sourcecode.swift; path = SceneDelegate.swift; sourceTree = "<group>"; };
		4DB37AD923B738720069D9A4 /* ViewController.swift */ = {isa = PBXFileReference; lastKnownFileType = sourcecode.swift; path = ViewController.swift; sourceTree = "<group>"; };
		4DB37ADC23B738720069D9A4 /* Base */ = {isa = PBXFileReference; lastKnownFileType = file.storyboard; name = Base; path = Base.lproj/Main.storyboard; sourceTree = "<group>"; };
		4DB37ADE23B738730069D9A4 /* Assets.xcassets */ = {isa = PBXFileReference; lastKnownFileType = folder.assetcatalog; path = Assets.xcassets; sourceTree = "<group>"; };
		4DB37AE123B738730069D9A4 /* Base */ = {isa = PBXFileReference; lastKnownFileType = file.storyboard; name = Base; path = Base.lproj/LaunchScreen.storyboard; sourceTree = "<group>"; };
		4DB37AE323B738730069D9A4 /* Info.plist */ = {isa = PBXFileReference; lastKnownFileType = text.plist.xml; path = Info.plist; sourceTree = "<group>"; };
		4DBBF68223B74A64009E0906 /* GreetingSimulator.swift */ = {isa = PBXFileReference; lastKnownFileType = sourcecode.swift; path = GreetingSimulator.swift; sourceTree = "<group>"; };
		4DBBF68423B74EB8009E0906 /* GoogleService-Info.plist */ = {isa = PBXFileReference; fileEncoding = 4; lastKnownFileType = text.plist.xml; name = "GoogleService-Info.plist"; path = "../../Downloads/GoogleService-Info.plist"; sourceTree = "<group>"; };
		4DBBF68723B7580A009E0906 /* FirestoreData.swift */ = {isa = PBXFileReference; lastKnownFileType = sourcecode.swift; path = FirestoreData.swift; sourceTree = "<group>"; };
		4DBBF68923B7583B009E0906 /* FirestoreDataLoader.swift */ = {isa = PBXFileReference; lastKnownFileType = sourcecode.swift; path = FirestoreDataLoader.swift; sourceTree = "<group>"; };
		4DBBF68B23B75853009E0906 /* FirestoreDataFactory.swift */ = {isa = PBXFileReference; lastKnownFileType = sourcecode.swift; path = FirestoreDataFactory.swift; sourceTree = "<group>"; };
		4DBBF68D23B75861009E0906 /* DataLoader.swift */ = {isa = PBXFileReference; lastKnownFileType = sourcecode.swift; path = DataLoader.swift; sourceTree = "<group>"; };
		4DBBF68F23B7586E009E0906 /* DataType.swift */ = {isa = PBXFileReference; lastKnownFileType = sourcecode.swift; path = DataType.swift; sourceTree = "<group>"; };
		4DBBF69123B7587A009E0906 /* FirestoreQueryFactory.swift */ = {isa = PBXFileReference; lastKnownFileType = sourcecode.swift; path = FirestoreQueryFactory.swift; sourceTree = "<group>"; };
		4DBBF69323B75889009E0906 /* FirestoreDataUpdater.swift */ = {isa = PBXFileReference; lastKnownFileType = sourcecode.swift; path = FirestoreDataUpdater.swift; sourceTree = "<group>"; };
		4DBBF69623B758AA009E0906 /* City.swift */ = {isa = PBXFileReference; lastKnownFileType = sourcecode.swift; path = City.swift; sourceTree = "<group>"; };
		4DBBF69823B758B1009E0906 /* Venue.swift */ = {isa = PBXFileReference; lastKnownFileType = sourcecode.swift; path = Venue.swift; sourceTree = "<group>"; };
		4DBBF69B23B75AB9009E0906 /* GooglePhotoLoader.swift */ = {isa = PBXFileReference; lastKnownFileType = sourcecode.swift; path = GooglePhotoLoader.swift; sourceTree = "<group>"; };
		4DBBF69E23B75D23009E0906 /* CityCell.swift */ = {isa = PBXFileReference; lastKnownFileType = sourcecode.swift; path = CityCell.swift; sourceTree = "<group>"; };
		4DBBF6A023B7B80A009E0906 /* CityViewController.swift */ = {isa = PBXFileReference; lastKnownFileType = sourcecode.swift; path = CityViewController.swift; sourceTree = "<group>"; };
		4DBBF6A223B7B86D009E0906 /* OtherCell.swift */ = {isa = PBXFileReference; lastKnownFileType = sourcecode.swift; path = OtherCell.swift; sourceTree = "<group>"; };
		4DBBF6A423B7B887009E0906 /* RecommendationCell.swift */ = {isa = PBXFileReference; lastKnownFileType = sourcecode.swift; path = RecommendationCell.swift; sourceTree = "<group>"; };
		4DBBF6A623B83F29009E0906 /* SightsViewController.swift */ = {isa = PBXFileReference; lastKnownFileType = sourcecode.swift; path = SightsViewController.swift; sourceTree = "<group>"; };
		4DBBF6A823B842A2009E0906 /* SightCell.swift */ = {isa = PBXFileReference; lastKnownFileType = sourcecode.swift; path = SightCell.swift; sourceTree = "<group>"; };
		4DBBF6AB23B84395009E0906 /* UIImageView.swift */ = {isa = PBXFileReference; lastKnownFileType = sourcecode.swift; path = UIImageView.swift; sourceTree = "<group>"; };
		4DBBF6AE23B844CF009E0906 /* FoursquareRecLoader.swift */ = {isa = PBXFileReference; lastKnownFileType = sourcecode.swift; path = FoursquareRecLoader.swift; sourceTree = "<group>"; };
		4DBBF6B023B84536009E0906 /* FoursquareURLGenerator.swift */ = {isa = PBXFileReference; lastKnownFileType = sourcecode.swift; path = FoursquareURLGenerator.swift; sourceTree = "<group>"; };
		4DBBF6B223B84B13009E0906 /* ActivityIndicator.swift */ = {isa = PBXFileReference; lastKnownFileType = sourcecode.swift; path = ActivityIndicator.swift; sourceTree = "<group>"; };
		4DBBF6B423B84C95009E0906 /* AlertGenerator.swift */ = {isa = PBXFileReference; lastKnownFileType = sourcecode.swift; path = AlertGenerator.swift; sourceTree = "<group>"; };
		4DBBF6B623B85854009E0906 /* SightDetailViewController.swift */ = {isa = PBXFileReference; lastKnownFileType = sourcecode.swift; path = SightDetailViewController.swift; sourceTree = "<group>"; };
		4DBBF6B823B866D9009E0906 /* ItineraryViewController.swift */ = {isa = PBXFileReference; lastKnownFileType = sourcecode.swift; path = ItineraryViewController.swift; sourceTree = "<group>"; };
		4DBBF6BA23B867E9009E0906 /* ItineraryCell.swift */ = {isa = PBXFileReference; lastKnownFileType = sourcecode.swift; path = ItineraryCell.swift; sourceTree = "<group>"; };
		4DBBF6BC23B86E0D009E0906 /* ItineraryDetailViewController.swift */ = {isa = PBXFileReference; lastKnownFileType = sourcecode.swift; path = ItineraryDetailViewController.swift; sourceTree = "<group>"; };
		60277F781331BA9E8F627F57 /* Pods_AnyRec.framework */ = {isa = PBXFileReference; explicitFileType = wrapper.framework; includeInIndex = 0; path = Pods_AnyRec.framework; sourceTree = BUILT_PRODUCTS_DIR; };
		887C33855907B268EDABFA97 /* Pods-AnyRec.debug.xcconfig */ = {isa = PBXFileReference; includeInIndex = 1; lastKnownFileType = text.xcconfig; name = "Pods-AnyRec.debug.xcconfig"; path = "Target Support Files/Pods-AnyRec/Pods-AnyRec.debug.xcconfig"; sourceTree = "<group>"; };
		CF1E003F4EE4D381EE7788EC /* Pods-AnyRec.release.xcconfig */ = {isa = PBXFileReference; includeInIndex = 1; lastKnownFileType = text.xcconfig; name = "Pods-AnyRec.release.xcconfig"; path = "Target Support Files/Pods-AnyRec/Pods-AnyRec.release.xcconfig"; sourceTree = "<group>"; };
/* End PBXFileReference section */

/* Begin PBXFrameworksBuildPhase section */
		4DB37ACF23B738720069D9A4 /* Frameworks */ = {
			isa = PBXFrameworksBuildPhase;
			buildActionMask = 2147483647;
			files = (
				E53256EE7ECEE476032E0825 /* Pods_AnyRec.framework in Frameworks */,
			);
			runOnlyForDeploymentPostprocessing = 0;
		};
/* End PBXFrameworksBuildPhase section */

/* Begin PBXGroup section */
		4DB37AC923B738720069D9A4 = {
			isa = PBXGroup;
			children = (
				4DB37AD423B738720069D9A4 /* AnyRec */,
				4DB37AD323B738720069D9A4 /* Products */,
				9158F905F593CFB427977C35 /* Pods */,
				818C2447BC6F200A5AFDB693 /* Frameworks */,
			);
			sourceTree = "<group>";
		};
		4DB37AD323B738720069D9A4 /* Products */ = {
			isa = PBXGroup;
			children = (
				4DB37AD223B738720069D9A4 /* AnyRec.app */,
			);
			name = Products;
			sourceTree = "<group>";
		};
		4DB37AD423B738720069D9A4 /* AnyRec */ = {
			isa = PBXGroup;
			children = (
				4DBBF6AD23B8448E009E0906 /* Foursquare */,
				4DBBF6AA23B84385009E0906 /* Extensions */,
				4DBBF69D23B75D18009E0906 /* Views */,
				4DBBF69A23B75AAA009E0906 /* Google */,
				4DBBF69523B758A1009E0906 /* Model */,
				4DBBF68623B757EE009E0906 /* Firestore */,
				4DB37AD523B738720069D9A4 /* AppDelegate.swift */,
				4DB37AD723B738720069D9A4 /* SceneDelegate.swift */,
				4DB37AD923B738720069D9A4 /* ViewController.swift */,
				4DBBF6A023B7B80A009E0906 /* CityViewController.swift */,
				4DBBF6A623B83F29009E0906 /* SightsViewController.swift */,
				4DBBF6B623B85854009E0906 /* SightDetailViewController.swift */,
				4DBBF6B823B866D9009E0906 /* ItineraryViewController.swift */,
				4DBBF6BC23B86E0D009E0906 /* ItineraryDetailViewController.swift */,
				4DB37ADB23B738720069D9A4 /* Main.storyboard */,
				4DB37ADE23B738730069D9A4 /* Assets.xcassets */,
				4DB37AE023B738730069D9A4 /* LaunchScreen.storyboard */,
				4DB37AE323B738730069D9A4 /* Info.plist */,
				4DBBF68223B74A64009E0906 /* GreetingSimulator.swift */,
				4DBBF68423B74EB8009E0906 /* GoogleService-Info.plist */,
				4DBBF6B223B84B13009E0906 /* ActivityIndicator.swift */,
				4DBBF6B423B84C95009E0906 /* AlertGenerator.swift */,
			);
			path = AnyRec;
			sourceTree = "<group>";
		};
		4DBBF68623B757EE009E0906 /* Firestore */ = {
			isa = PBXGroup;
			children = (
				4DBBF68723B7580A009E0906 /* FirestoreData.swift */,
				4DBBF68923B7583B009E0906 /* FirestoreDataLoader.swift */,
				4DBBF68B23B75853009E0906 /* FirestoreDataFactory.swift */,
				4DBBF68D23B75861009E0906 /* DataLoader.swift */,
				4DBBF68F23B7586E009E0906 /* DataType.swift */,
				4DBBF69123B7587A009E0906 /* FirestoreQueryFactory.swift */,
				4DBBF69323B75889009E0906 /* FirestoreDataUpdater.swift */,
			);
			path = Firestore;
			sourceTree = "<group>";
		};
		4DBBF69523B758A1009E0906 /* Model */ = {
			isa = PBXGroup;
			children = (
				4DBBF69623B758AA009E0906 /* City.swift */,
				4DBBF69823B758B1009E0906 /* Venue.swift */,
			);
			path = Model;
			sourceTree = "<group>";
		};
		4DBBF69A23B75AAA009E0906 /* Google */ = {
			isa = PBXGroup;
			children = (
				4DBBF69B23B75AB9009E0906 /* GooglePhotoLoader.swift */,
			);
			path = Google;
			sourceTree = "<group>";
		};
		4DBBF69D23B75D18009E0906 /* Views */ = {
			isa = PBXGroup;
			children = (
				4DBBF69E23B75D23009E0906 /* CityCell.swift */,
				4DBBF6A223B7B86D009E0906 /* OtherCell.swift */,
				4DBBF6A423B7B887009E0906 /* RecommendationCell.swift */,
				4DBBF6A823B842A2009E0906 /* SightCell.swift */,
				4DBBF6BA23B867E9009E0906 /* ItineraryCell.swift */,
			);
			path = Views;
			sourceTree = "<group>";
		};
		4DBBF6AA23B84385009E0906 /* Extensions */ = {
			isa = PBXGroup;
			children = (
				4DBBF6AB23B84395009E0906 /* UIImageView.swift */,
			);
			path = Extensions;
			sourceTree = "<group>";
		};
		4DBBF6AD23B8448E009E0906 /* Foursquare */ = {
			isa = PBXGroup;
			children = (
				4DBBF6AE23B844CF009E0906 /* FoursquareRecLoader.swift */,
				4DBBF6B023B84536009E0906 /* FoursquareURLGenerator.swift */,
			);
			path = Foursquare;
			sourceTree = "<group>";
		};
		818C2447BC6F200A5AFDB693 /* Frameworks */ = {
			isa = PBXGroup;
			children = (
				60277F781331BA9E8F627F57 /* Pods_AnyRec.framework */,
			);
			name = Frameworks;
			sourceTree = "<group>";
		};
		9158F905F593CFB427977C35 /* Pods */ = {
			isa = PBXGroup;
			children = (
				887C33855907B268EDABFA97 /* Pods-AnyRec.debug.xcconfig */,
				CF1E003F4EE4D381EE7788EC /* Pods-AnyRec.release.xcconfig */,
			);
			path = Pods;
			sourceTree = "<group>";
		};
/* End PBXGroup section */

/* Begin PBXNativeTarget section */
		4DB37AD123B738720069D9A4 /* AnyRec */ = {
			isa = PBXNativeTarget;
			buildConfigurationList = 4DB37AE623B738730069D9A4 /* Build configuration list for PBXNativeTarget "AnyRec" */;
			buildPhases = (
				19E78D33C4B2048D244D52F0 /* [CP] Check Pods Manifest.lock */,
				4DB37ACE23B738720069D9A4 /* Sources */,
				4DB37ACF23B738720069D9A4 /* Frameworks */,
				4DB37AD023B738720069D9A4 /* Resources */,
				9E6E4282D56D65C0E4FE4A36 /* [CP] Embed Pods Frameworks */,
				E0BDB778489E3693B99DE631 /* [CP] Copy Pods Resources */,
			);
			buildRules = (
			);
			dependencies = (
			);
			name = AnyRec;
			productName = AnyRec;
			productReference = 4DB37AD223B738720069D9A4 /* AnyRec.app */;
			productType = "com.apple.product-type.application";
		};
/* End PBXNativeTarget section */

/* Begin PBXProject section */
		4DB37ACA23B738720069D9A4 /* Project object */ = {
			isa = PBXProject;
			attributes = {
				LastSwiftUpdateCheck = 1130;
				LastUpgradeCheck = 1130;
				ORGANIZATIONNAME = "Lauren Simon";
				TargetAttributes = {
					4DB37AD123B738720069D9A4 = {
						CreatedOnToolsVersion = 11.3;
					};
				};
			};
			buildConfigurationList = 4DB37ACD23B738720069D9A4 /* Build configuration list for PBXProject "AnyRec" */;
			compatibilityVersion = "Xcode 9.3";
			developmentRegion = en;
			hasScannedForEncodings = 0;
			knownRegions = (
				en,
				Base,
			);
			mainGroup = 4DB37AC923B738720069D9A4;
			productRefGroup = 4DB37AD323B738720069D9A4 /* Products */;
			projectDirPath = "";
			projectRoot = "";
			targets = (
				4DB37AD123B738720069D9A4 /* AnyRec */,
			);
		};
/* End PBXProject section */

/* Begin PBXResourcesBuildPhase section */
		4DB37AD023B738720069D9A4 /* Resources */ = {
			isa = PBXResourcesBuildPhase;
			buildActionMask = 2147483647;
			files = (
				4DB37AE223B738730069D9A4 /* LaunchScreen.storyboard in Resources */,
				4DBBF68523B74EB9009E0906 /* GoogleService-Info.plist in Resources */,
				4DB37ADF23B738730069D9A4 /* Assets.xcassets in Resources */,
				4DB37ADD23B738720069D9A4 /* Main.storyboard in Resources */,
			);
			runOnlyForDeploymentPostprocessing = 0;
		};
/* End PBXResourcesBuildPhase section */

/* Begin PBXShellScriptBuildPhase section */
		19E78D33C4B2048D244D52F0 /* [CP] Check Pods Manifest.lock */ = {
			isa = PBXShellScriptBuildPhase;
			buildActionMask = 2147483647;
			files = (
			);
			inputFileListPaths = (
			);
			inputPaths = (
				"${PODS_PODFILE_DIR_PATH}/Podfile.lock",
				"${PODS_ROOT}/Manifest.lock",
			);
			name = "[CP] Check Pods Manifest.lock";
			outputFileListPaths = (
			);
			outputPaths = (
				"$(DERIVED_FILE_DIR)/Pods-AnyRec-checkManifestLockResult.txt",
			);
			runOnlyForDeploymentPostprocessing = 0;
			shellPath = /bin/sh;
			shellScript = "diff \"${PODS_PODFILE_DIR_PATH}/Podfile.lock\" \"${PODS_ROOT}/Manifest.lock\" > /dev/null\nif [ $? != 0 ] ; then\n    # print error to STDERR\n    echo \"error: The sandbox is not in sync with the Podfile.lock. Run 'pod install' or update your CocoaPods installation.\" >&2\n    exit 1\nfi\n# This output is used by Xcode 'outputs' to avoid re-running this script phase.\necho \"SUCCESS\" > \"${SCRIPT_OUTPUT_FILE_0}\"\n";
			showEnvVarsInLog = 0;
		};
		9E6E4282D56D65C0E4FE4A36 /* [CP] Embed Pods Frameworks */ = {
			isa = PBXShellScriptBuildPhase;
			buildActionMask = 2147483647;
			files = (
			);
			inputFileListPaths = (
				"${PODS_ROOT}/Target Support Files/Pods-AnyRec/Pods-AnyRec-frameworks-${CONFIGURATION}-input-files.xcfilelist",
			);
			name = "[CP] Embed Pods Frameworks";
			outputFileListPaths = (
				"${PODS_ROOT}/Target Support Files/Pods-AnyRec/Pods-AnyRec-frameworks-${CONFIGURATION}-output-files.xcfilelist",
			);
			runOnlyForDeploymentPostprocessing = 0;
			shellPath = /bin/sh;
			shellScript = "\"${PODS_ROOT}/Target Support Files/Pods-AnyRec/Pods-AnyRec-frameworks.sh\"\n";
			showEnvVarsInLog = 0;
		};
		E0BDB778489E3693B99DE631 /* [CP] Copy Pods Resources */ = {
			isa = PBXShellScriptBuildPhase;
			buildActionMask = 2147483647;
			files = (
			);
			inputFileListPaths = (
				"${PODS_ROOT}/Target Support Files/Pods-AnyRec/Pods-AnyRec-resources-${CONFIGURATION}-input-files.xcfilelist",
			);
			name = "[CP] Copy Pods Resources";
			outputFileListPaths = (
				"${PODS_ROOT}/Target Support Files/Pods-AnyRec/Pods-AnyRec-resources-${CONFIGURATION}-output-files.xcfilelist",
			);
			runOnlyForDeploymentPostprocessing = 0;
			shellPath = /bin/sh;
			shellScript = "\"${PODS_ROOT}/Target Support Files/Pods-AnyRec/Pods-AnyRec-resources.sh\"\n";
			showEnvVarsInLog = 0;
		};
/* End PBXShellScriptBuildPhase section */

/* Begin PBXSourcesBuildPhase section */
		4DB37ACE23B738720069D9A4 /* Sources */ = {
			isa = PBXSourcesBuildPhase;
			buildActionMask = 2147483647;
			files = (
				4DBBF68A23B7583B009E0906 /* FirestoreDataLoader.swift in Sources */,
				4DBBF6BD23B86E0D009E0906 /* ItineraryDetailViewController.swift in Sources */,
				4DBBF69223B7587A009E0906 /* FirestoreQueryFactory.swift in Sources */,
				4DBBF69F23B75D23009E0906 /* CityCell.swift in Sources */,
				4DBBF69C23B75AB9009E0906 /* GooglePhotoLoader.swift in Sources */,
				4DBBF6B323B84B13009E0906 /* ActivityIndicator.swift in Sources */,
				4DBBF6A523B7B887009E0906 /* RecommendationCell.swift in Sources */,
				4DBBF6A923B842A2009E0906 /* SightCell.swift in Sources */,
				4DBBF69723B758AA009E0906 /* City.swift in Sources */,
				4DBBF68823B7580A009E0906 /* FirestoreData.swift in Sources */,
				4DBBF6B923B866D9009E0906 /* ItineraryViewController.swift in Sources */,
				4DB37ADA23B738720069D9A4 /* ViewController.swift in Sources */,
				4DBBF6A723B83F29009E0906 /* SightsViewController.swift in Sources */,
				4DB37AD623B738720069D9A4 /* AppDelegate.swift in Sources */,
				4DBBF68E23B75861009E0906 /* DataLoader.swift in Sources */,
				4DB37AD823B738720069D9A4 /* SceneDelegate.swift in Sources */,
				4DBBF68323B74A64009E0906 /* GreetingSimulator.swift in Sources */,
				4DBBF6A123B7B80A009E0906 /* CityViewController.swift in Sources */,
				4DBBF6BB23B867E9009E0906 /* ItineraryCell.swift in Sources */,
				4DBBF6B123B84536009E0906 /* FoursquareURLGenerator.swift in Sources */,
				4DBBF69423B75889009E0906 /* FirestoreDataUpdater.swift in Sources */,
				4DBBF6AC23B84395009E0906 /* UIImageView.swift in Sources */,
				4DBBF69023B7586E009E0906 /* DataType.swift in Sources */,
				4DBBF6AF23B844CF009E0906 /* FoursquareRecLoader.swift in Sources */,
				4DBBF69923B758B1009E0906 /* Venue.swift in Sources */,
				4DBBF68C23B75853009E0906 /* FirestoreDataFactory.swift in Sources */,
				4DBBF6A323B7B86D009E0906 /* OtherCell.swift in Sources */,
				4DBBF6B523B84C95009E0906 /* AlertGenerator.swift in Sources */,
				4DBBF6B723B85854009E0906 /* SightDetailViewController.swift in Sources */,
			);
			runOnlyForDeploymentPostprocessing = 0;
		};
/* End PBXSourcesBuildPhase section */

/* Begin PBXVariantGroup section */
		4DB37ADB23B738720069D9A4 /* Main.storyboard */ = {
			isa = PBXVariantGroup;
			children = (
				4DB37ADC23B738720069D9A4 /* Base */,
			);
			name = Main.storyboard;
			sourceTree = "<group>";
		};
		4DB37AE023B738730069D9A4 /* LaunchScreen.storyboard */ = {
			isa = PBXVariantGroup;
			children = (
				4DB37AE123B738730069D9A4 /* Base */,
			);
			name = LaunchScreen.storyboard;
			sourceTree = "<group>";
		};
/* End PBXVariantGroup section */

/* Begin XCBuildConfiguration section */
		4DB37AE423B738730069D9A4 /* Debug */ = {
			isa = XCBuildConfiguration;
			buildSettings = {
				ALWAYS_SEARCH_USER_PATHS = NO;
				CLANG_ANALYZER_NONNULL = YES;
				CLANG_ANALYZER_NUMBER_OBJECT_CONVERSION = YES_AGGRESSIVE;
				CLANG_CXX_LANGUAGE_STANDARD = "gnu++14";
				CLANG_CXX_LIBRARY = "libc++";
				CLANG_ENABLE_MODULES = YES;
				CLANG_ENABLE_OBJC_ARC = YES;
				CLANG_ENABLE_OBJC_WEAK = YES;
				CLANG_WARN_BLOCK_CAPTURE_AUTORELEASING = YES;
				CLANG_WARN_BOOL_CONVERSION = YES;
				CLANG_WARN_COMMA = YES;
				CLANG_WARN_CONSTANT_CONVERSION = YES;
				CLANG_WARN_DEPRECATED_OBJC_IMPLEMENTATIONS = YES;
				CLANG_WARN_DIRECT_OBJC_ISA_USAGE = YES_ERROR;
				CLANG_WARN_DOCUMENTATION_COMMENTS = YES;
				CLANG_WARN_EMPTY_BODY = YES;
				CLANG_WARN_ENUM_CONVERSION = YES;
				CLANG_WARN_INFINITE_RECURSION = YES;
				CLANG_WARN_INT_CONVERSION = YES;
				CLANG_WARN_NON_LITERAL_NULL_CONVERSION = YES;
				CLANG_WARN_OBJC_IMPLICIT_RETAIN_SELF = YES;
				CLANG_WARN_OBJC_LITERAL_CONVERSION = YES;
				CLANG_WARN_OBJC_ROOT_CLASS = YES_ERROR;
				CLANG_WARN_RANGE_LOOP_ANALYSIS = YES;
				CLANG_WARN_STRICT_PROTOTYPES = YES;
				CLANG_WARN_SUSPICIOUS_MOVE = YES;
				CLANG_WARN_UNGUARDED_AVAILABILITY = YES_AGGRESSIVE;
				CLANG_WARN_UNREACHABLE_CODE = YES;
				CLANG_WARN__DUPLICATE_METHOD_MATCH = YES;
				COPY_PHASE_STRIP = NO;
				DEBUG_INFORMATION_FORMAT = dwarf;
				ENABLE_STRICT_OBJC_MSGSEND = YES;
				ENABLE_TESTABILITY = YES;
				GCC_C_LANGUAGE_STANDARD = gnu11;
				GCC_DYNAMIC_NO_PIC = NO;
				GCC_NO_COMMON_BLOCKS = YES;
				GCC_OPTIMIZATION_LEVEL = 0;
				GCC_PREPROCESSOR_DEFINITIONS = (
					"DEBUG=1",
					"$(inherited)",
				);
				GCC_WARN_64_TO_32_BIT_CONVERSION = YES;
				GCC_WARN_ABOUT_RETURN_TYPE = YES_ERROR;
				GCC_WARN_UNDECLARED_SELECTOR = YES;
				GCC_WARN_UNINITIALIZED_AUTOS = YES_AGGRESSIVE;
				GCC_WARN_UNUSED_FUNCTION = YES;
				GCC_WARN_UNUSED_VARIABLE = YES;
				IPHONEOS_DEPLOYMENT_TARGET = 13.2;
				MTL_ENABLE_DEBUG_INFO = INCLUDE_SOURCE;
				MTL_FAST_MATH = YES;
				ONLY_ACTIVE_ARCH = YES;
				SDKROOT = iphoneos;
				SWIFT_ACTIVE_COMPILATION_CONDITIONS = DEBUG;
				SWIFT_OPTIMIZATION_LEVEL = "-Onone";
			};
			name = Debug;
		};
		4DB37AE523B738730069D9A4 /* Release */ = {
			isa = XCBuildConfiguration;
			buildSettings = {
				ALWAYS_SEARCH_USER_PATHS = NO;
				CLANG_ANALYZER_NONNULL = YES;
				CLANG_ANALYZER_NUMBER_OBJECT_CONVERSION = YES_AGGRESSIVE;
				CLANG_CXX_LANGUAGE_STANDARD = "gnu++14";
				CLANG_CXX_LIBRARY = "libc++";
				CLANG_ENABLE_MODULES = YES;
				CLANG_ENABLE_OBJC_ARC = YES;
				CLANG_ENABLE_OBJC_WEAK = YES;
				CLANG_WARN_BLOCK_CAPTURE_AUTORELEASING = YES;
				CLANG_WARN_BOOL_CONVERSION = YES;
				CLANG_WARN_COMMA = YES;
				CLANG_WARN_CONSTANT_CONVERSION = YES;
				CLANG_WARN_DEPRECATED_OBJC_IMPLEMENTATIONS = YES;
				CLANG_WARN_DIRECT_OBJC_ISA_USAGE = YES_ERROR;
				CLANG_WARN_DOCUMENTATION_COMMENTS = YES;
				CLANG_WARN_EMPTY_BODY = YES;
				CLANG_WARN_ENUM_CONVERSION = YES;
				CLANG_WARN_INFINITE_RECURSION = YES;
				CLANG_WARN_INT_CONVERSION = YES;
				CLANG_WARN_NON_LITERAL_NULL_CONVERSION = YES;
				CLANG_WARN_OBJC_IMPLICIT_RETAIN_SELF = YES;
				CLANG_WARN_OBJC_LITERAL_CONVERSION = YES;
				CLANG_WARN_OBJC_ROOT_CLASS = YES_ERROR;
				CLANG_WARN_RANGE_LOOP_ANALYSIS = YES;
				CLANG_WARN_STRICT_PROTOTYPES = YES;
				CLANG_WARN_SUSPICIOUS_MOVE = YES;
				CLANG_WARN_UNGUARDED_AVAILABILITY = YES_AGGRESSIVE;
				CLANG_WARN_UNREACHABLE_CODE = YES;
				CLANG_WARN__DUPLICATE_METHOD_MATCH = YES;
				COPY_PHASE_STRIP = NO;
				DEBUG_INFORMATION_FORMAT = "dwarf-with-dsym";
				ENABLE_NS_ASSERTIONS = NO;
				ENABLE_STRICT_OBJC_MSGSEND = YES;
				GCC_C_LANGUAGE_STANDARD = gnu11;
				GCC_NO_COMMON_BLOCKS = YES;
				GCC_WARN_64_TO_32_BIT_CONVERSION = YES;
				GCC_WARN_ABOUT_RETURN_TYPE = YES_ERROR;
				GCC_WARN_UNDECLARED_SELECTOR = YES;
				GCC_WARN_UNINITIALIZED_AUTOS = YES_AGGRESSIVE;
				GCC_WARN_UNUSED_FUNCTION = YES;
				GCC_WARN_UNUSED_VARIABLE = YES;
				IPHONEOS_DEPLOYMENT_TARGET = 13.2;
				MTL_ENABLE_DEBUG_INFO = NO;
				MTL_FAST_MATH = YES;
				SDKROOT = iphoneos;
				SWIFT_COMPILATION_MODE = wholemodule;
				SWIFT_OPTIMIZATION_LEVEL = "-O";
				VALIDATE_PRODUCT = YES;
			};
			name = Release;
		};
		4DB37AE723B738730069D9A4 /* Debug */ = {
			isa = XCBuildConfiguration;
			baseConfigurationReference = 887C33855907B268EDABFA97 /* Pods-AnyRec.debug.xcconfig */;
			buildSettings = {
				ASSETCATALOG_COMPILER_APPICON_NAME = AppIcon;
				CODE_SIGN_STYLE = Automatic;
				DEVELOPMENT_TEAM = Y2ZDM36HQ6;
				INFOPLIST_FILE = AnyRec/Info.plist;
				LD_RUNPATH_SEARCH_PATHS = (
					"$(inherited)",
					"@executable_path/Frameworks",
				);
				PRODUCT_BUNDLE_IDENTIFIER = simon.AnyRec;
				PRODUCT_NAME = "$(TARGET_NAME)";
				SWIFT_VERSION = 5.0;
				TARGETED_DEVICE_FAMILY = "1,2";
			};
			name = Debug;
		};
		4DB37AE823B738730069D9A4 /* Release */ = {
			isa = XCBuildConfiguration;
			baseConfigurationReference = CF1E003F4EE4D381EE7788EC /* Pods-AnyRec.release.xcconfig */;
			buildSettings = {
				ASSETCATALOG_COMPILER_APPICON_NAME = AppIcon;
				CODE_SIGN_STYLE = Automatic;
				DEVELOPMENT_TEAM = Y2ZDM36HQ6;
				INFOPLIST_FILE = AnyRec/Info.plist;
				LD_RUNPATH_SEARCH_PATHS = (
					"$(inherited)",
					"@executable_path/Frameworks",
				);
				PRODUCT_BUNDLE_IDENTIFIER = simon.AnyRec;
				PRODUCT_NAME = "$(TARGET_NAME)";
				SWIFT_VERSION = 5.0;
				TARGETED_DEVICE_FAMILY = "1,2";
			};
			name = Release;
		};
/* End XCBuildConfiguration section */

/* Begin XCConfigurationList section */
		4DB37ACD23B738720069D9A4 /* Build configuration list for PBXProject "AnyRec" */ = {
			isa = XCConfigurationList;
			buildConfigurations = (
				4DB37AE423B738730069D9A4 /* Debug */,
				4DB37AE523B738730069D9A4 /* Release */,
			);
			defaultConfigurationIsVisible = 0;
			defaultConfigurationName = Release;
		};
		4DB37AE623B738730069D9A4 /* Build configuration list for PBXNativeTarget "AnyRec" */ = {
			isa = XCConfigurationList;
			buildConfigurations = (
				4DB37AE723B738730069D9A4 /* Debug */,
				4DB37AE823B738730069D9A4 /* Release */,
			);
			defaultConfigurationIsVisible = 0;
			defaultConfigurationName = Release;
		};
/* End XCConfigurationList section */
	};
	rootObject = 4DB37ACA23B738720069D9A4 /* Project object */;
}
